
Microsoft Visual Studio Solution File, Format Version 12.00
# Visual Studio Version 16
VisualStudioVersion = 25.0.1705.7
MinimumVisualStudioVersion = 10.0.40219.1
Project("{FAE04EC0-301F-11D3-BF4B-00C04F79EFBC}") = "Recipeasy_CSharp_Refactor", "Recipeasy_CSharp_Refactor\Recipeasy_CSharp_Refactor.csproj", "{52C68DB5-7BCE-4603-80CB-E7C2FC2CF216}"
EndProject
Project("{FAE04EC0-301F-11D3-BF4B-00C04F79EFBC}") = "Recipeasy_CSharp_RefactorTests", "Recipeasy_CSharp_RefactorTests\Recipeasy_CSharp_RefactorTests.csproj", "{01C9CD05-1684-485C-B5D7-9913FB4CF3C1}"
EndProject
Global
	GlobalSection(SolutionConfigurationPlatforms) = preSolution
		Debug|Any CPU = Debug|Any CPU
		Release|Any CPU = Release|Any CPU
	EndGlobalSection
	GlobalSection(ProjectConfigurationPlatforms) = postSolution
		{52C68DB5-7BCE-4603-80CB-E7C2FC2CF216}.Debug|Any CPU.ActiveCfg = Debug|Any CPU
		{52C68DB5-7BCE-4603-80CB-E7C2FC2CF216}.Debug|Any CPU.Build.0 = Debug|Any CPU
		{52C68DB5-7BCE-4603-80CB-E7C2FC2CF216}.Release|Any CPU.ActiveCfg = Release|Any CPU
		{52C68DB5-7BCE-4603-80CB-E7C2FC2CF216}.Release|Any CPU.Build.0 = Release|Any CPU
		{01C9CD05-1684-485C-B5D7-9913FB4CF3C1}.Debug|Any CPU.ActiveCfg = Debug|Any CPU
		{01C9CD05-1684-485C-B5D7-9913FB4CF3C1}.Debug|Any CPU.Build.0 = Debug|Any CPU
		{01C9CD05-1684-485C-B5D7-9913FB4CF3C1}.Release|Any CPU.ActiveCfg = Release|Any CPU
		{01C9CD05-1684-485C-B5D7-9913FB4CF3C1}.Release|Any CPU.Build.0 = Release|Any CPU
	EndGlobalSection
	GlobalSection(SolutionProperties) = preSolution
		HideSolutionNode = FALSE
	EndGlobalSection
	GlobalSection(ExtensibilityGlobals) = postSolution
		SolutionGuid = {47F5F37E-E246-4348-BD3C-DBD9EB0CAF3B}
	EndGlobalSection
EndGlobal
